// !$*UTF8*$!
{
	archiveVersion = 1;
	classes = {
	};
	objectVersion = 46;
	objects = {

/* Begin PBXBuildFile section */
		9C0D14691C853A7D00E66F65 /* AppDelegate.swift in Sources */ = {isa = PBXBuildFile; fileRef = 9C0D14681C853A7D00E66F65 /* AppDelegate.swift */; };
		9C0D146E1C853A7D00E66F65 /* Main.storyboard in Resources */ = {isa = PBXBuildFile; fileRef = 9C0D146C1C853A7D00E66F65 /* Main.storyboard */; };
		9C0D14701C853A7D00E66F65 /* Assets.xcassets in Resources */ = {isa = PBXBuildFile; fileRef = 9C0D146F1C853A7D00E66F65 /* Assets.xcassets */; };
		9C0D14731C853A7D00E66F65 /* LaunchScreen.storyboard in Resources */ = {isa = PBXBuildFile; fileRef = 9C0D14711C853A7D00E66F65 /* LaunchScreen.storyboard */; };
		9C0D147B1C853B2000E66F65 /* TableViewController.swift in Sources */ = {isa = PBXBuildFile; fileRef = 9C0D147A1C853B2000E66F65 /* TableViewController.swift */; };
		9C0D147D1C853C8F00E66F65 /* DetalleViewController.swift in Sources */ = {isa = PBXBuildFile; fileRef = 9C0D147C1C853C8F00E66F65 /* DetalleViewController.swift */; };
		9C0D147F1C853E4B00E66F65 /* ISBNViewController.swift in Sources */ = {isa = PBXBuildFile; fileRef = 9C0D147E1C853E4B00E66F65 /* ISBNViewController.swift */; };
		9C0D14811C85451300E66F65 /* Libro.swift in Sources */ = {isa = PBXBuildFile; fileRef = 9C0D14801C85451300E66F65 /* Libro.swift */; };
		9C0D14831C85458500E66F65 /* portada.png in Resources */ = {isa = PBXBuildFile; fileRef = 9C0D14821C85458500E66F65 /* portada.png */; };
		9C10BF531C8646FB0077F0D3 /* Internet.swift in Sources */ = {isa = PBXBuildFile; fileRef = 9C10BF521C8646FB0077F0D3 /* Internet.swift */; };
/* End PBXBuildFile section */

/* Begin PBXFileReference section */
		9C0D14651C853A7D00E66F65 /* BuscarLibros2.app */ = {isa = PBXFileReference; explicitFileType = wrapper.application; includeInIndex = 0; path = BuscarLibros2.app; sourceTree = BUILT_PRODUCTS_DIR; };
		9C0D14681C853A7D00E66F65 /* AppDelegate.swift */ = {isa = PBXFileReference; lastKnownFileType = sourcecode.swift; path = AppDelegate.swift; sourceTree = "<group>"; };
		9C0D146D1C853A7D00E66F65 /* Base */ = {isa = PBXFileReference; lastKnownFileType = file.storyboard; name = Base; path = Base.lproj/Main.storyboard; sourceTree = "<group>"; };
		9C0D146F1C853A7D00E66F65 /* Assets.xcassets */ = {isa = PBXFileReference; lastKnownFileType = folder.assetcatalog; path = Assets.xcassets; sourceTree = "<group>"; };
		9C0D14721C853A7D00E66F65 /* Base */ = {isa = PBXFileReference; lastKnownFileType = file.storyboard; name = Base; path = Base.lproj/LaunchScreen.storyboard; sourceTree = "<group>"; };
		9C0D14741C853A7D00E66F65 /* Info.plist */ = {isa = PBXFileReference; lastKnownFileType = text.plist.xml; path = Info.plist; sourceTree = "<group>"; };
		9C0D147A1C853B2000E66F65 /* TableViewController.swift */ = {isa = PBXFileReference; fileEncoding = 4; lastKnownFileType = sourcecode.swift; path = TableViewController.swift; sourceTree = "<group>"; };
		9C0D147C1C853C8F00E66F65 /* DetalleViewController.swift */ = {isa = PBXFileReference; fileEncoding = 4; lastKnownFileType = sourcecode.swift; path = DetalleViewController.swift; sourceTree = "<group>"; };
		9C0D147E1C853E4B00E66F65 /* ISBNViewController.swift */ = {isa = PBXFileReference; fileEncoding = 4; lastKnownFileType = sourcecode.swift; path = ISBNViewController.swift; sourceTree = "<group>"; };
		9C0D14801C85451300E66F65 /* Libro.swift */ = {isa = PBXFileReference; fileEncoding = 4; lastKnownFileType = sourcecode.swift; path = Libro.swift; sourceTree = "<group>"; };
		9C0D14821C85458500E66F65 /* portada.png */ = {isa = PBXFileReference; lastKnownFileType = image.png; path = portada.png; sourceTree = "<group>"; };
		9C10BF521C8646FB0077F0D3 /* Internet.swift */ = {isa = PBXFileReference; fileEncoding = 4; lastKnownFileType = sourcecode.swift; path = Internet.swift; sourceTree = "<group>"; };
/* End PBXFileReference section */

/* Begin PBXFrameworksBuildPhase section */
		9C0D14621C853A7D00E66F65 /* Frameworks */ = {
			isa = PBXFrameworksBuildPhase;
			buildActionMask = 2147483647;
			files = (
			);
			runOnlyForDeploymentPostprocessing = 0;
		};
/* End PBXFrameworksBuildPhase section */

/* Begin PBXGroup section */
		9C0D145C1C853A7D00E66F65 = {
			isa = PBXGroup;
			children = (
				9C0D14671C853A7D00E66F65 /* BuscarLibros2 */,
				9C0D14661C853A7D00E66F65 /* Products */,
			);
			sourceTree = "<group>";
		};
		9C0D14661C853A7D00E66F65 /* Products */ = {
			isa = PBXGroup;
			children = (
				9C0D14651C853A7D00E66F65 /* BuscarLibros2.app */,
			);
			name = Products;
			sourceTree = "<group>";
		};
		9C0D14671C853A7D00E66F65 /* BuscarLibros2 */ = {
			isa = PBXGroup;
			children = (
				9C0D14681C853A7D00E66F65 /* AppDelegate.swift */,
				9C0D146C1C853A7D00E66F65 /* Main.storyboard */,
				9C0D146F1C853A7D00E66F65 /* Assets.xcassets */,
				9C0D14711C853A7D00E66F65 /* LaunchScreen.storyboard */,
				9C0D14741C853A7D00E66F65 /* Info.plist */,
				9C0D147A1C853B2000E66F65 /* TableViewController.swift */,
				9C0D147C1C853C8F00E66F65 /* DetalleViewController.swift */,
				9C0D147E1C853E4B00E66F65 /* ISBNViewController.swift */,
				9C0D14801C85451300E66F65 /* Libro.swift */,
				9C10BF521C8646FB0077F0D3 /* Internet.swift */,
				9C0D14821C85458500E66F65 /* portada.png */,
			);
			path = BuscarLibros2;
			sourceTree = "<group>";
		};
/* End PBXGroup section */

/* Begin PBXNativeTarget section */
		9C0D14641C853A7D00E66F65 /* BuscarLibros2 */ = {
			isa = PBXNativeTarget;
			buildConfigurationList = 9C0D14771C853A7D00E66F65 /* Build configuration list for PBXNativeTarget "BuscarLibros2" */;
			buildPhases = (
				9C0D14611C853A7D00E66F65 /* Sources */,
				9C0D14621C853A7D00E66F65 /* Frameworks */,
				9C0D14631C853A7D00E66F65 /* Resources */,
			);
			buildRules = (
			);
			dependencies = (
			);
			name = BuscarLibros2;
			productName = BuscarLibros2;
			productReference = 9C0D14651C853A7D00E66F65 /* BuscarLibros2.app */;
			productType = "com.apple.product-type.application";
		};
/* End PBXNativeTarget section */

/* Begin PBXProject section */
		9C0D145D1C853A7D00E66F65 /* Project object */ = {
			isa = PBXProject;
			attributes = {
				LastSwiftUpdateCheck = 0720;
				LastUpgradeCheck = 0720;
				ORGANIZATIONNAME = "Juan  Sanchez";
				TargetAttributes = {
					9C0D14641C853A7D00E66F65 = {
						CreatedOnToolsVersion = 7.2.1;
						DevelopmentTeam = A97FA2MZ62;
					};
				};
			};
			buildConfigurationList = 9C0D14601C853A7D00E66F65 /* Build configuration list for PBXProject "BuscarLibros2" */;
			compatibilityVersion = "Xcode 3.2";
			developmentRegion = English;
			hasScannedForEncodings = 0;
			knownRegions = (
				en,
				Base,
			);
			mainGroup = 9C0D145C1C853A7D00E66F65;
			productRefGroup = 9C0D14661C853A7D00E66F65 /* Products */;
			projectDirPath = "";
			projectRoot = "";
			targets = (
				9C0D14641C853A7D00E66F65 /* BuscarLibros2 */,
			);
		};
/* End PBXProject section */

/* Begin PBXResourcesBuildPhase section */
		9C0D14631C853A7D00E66F65 /* Resources */ = {
			isa = PBXResourcesBuildPhase;
			buildActionMask = 2147483647;
			files = (
				9C0D14731C853A7D00E66F65 /* LaunchScreen.storyboard in Resources */,
				9C0D14831C85458500E66F65 /* portada.png in Resources */,
				9C0D14701C853A7D00E66F65 /* Assets.xcassets in Resources */,
				9C0D146E1C853A7D00E66F65 /* Main.storyboard in Resources */,
			);
			runOnlyForDeploymentPostprocessing = 0;
		};
/* End PBXResourcesBuildPhase section */

/* Begin PBXSourcesBuildPhase section */
		9C0D14611C853A7D00E66F65 /* Sources */ = {
			isa = PBXSourcesBuildPhase;
			buildActionMask = 2147483647;
			files = (
				9C10BF531C8646FB0077F0D3 /* Internet.swift in Sources */,
				9C0D147D1C853C8F00E66F65 /* DetalleViewController.swift in Sources */,
				9C0D14691C853A7D00E66F65 /* AppDelegate.swift in Sources */,
				9C0D147F1C853E4B00E66F65 /* ISBNViewController.swift in Sources */,
				9C0D14811C85451300E66F65 /* Libro.swift in Sources */,
				9C0D147B1C853B2000E66F65 /* TableViewController.swift in Sources */,
			);
			runOnlyForDeploymentPostprocessing = 0;
		};
/* End PBXSourcesBuildPhase section */

/* Begin PBXVariantGroup section */
		9C0D146C1C853A7D00E66F65 /* Main.storyboard */ = {
			isa = PBXVariantGroup;
			children = (
				9C0D146D1C853A7D00E66F65 /* Base */,
			);
			name = Main.storyboard;
			sourceTree = "<group>";
		};
		9C0D14711C853A7D00E66F65 /* LaunchScreen.storyboard */ = {
			isa = PBXVariantGroup;
			children = (
				9C0D14721C853A7D00E66F65 /* Base */,
			);
			name = LaunchScreen.storyboard;
			sourceTree = "<group>";
		};
/* End PBXVariantGroup section */

/* Begin XCBuildConfiguration section */
		9C0D14751C853A7D00E66F65 /* Debug */ = {
			isa = XCBuildConfiguration;
			buildSettings = {
				ALWAYS_SEARCH_USER_PATHS = NO;
				CLANG_CXX_LANGUAGE_STANDARD = "gnu++0x";
				CLANG_CXX_LIBRARY = "libc++";
				CLANG_ENABLE_MODULES = YES;
				CLANG_ENABLE_OBJC_ARC = YES;
				CLANG_WARN_BOOL_CONVERSION = YES;
				CLANG_WARN_CONSTANT_CONVERSION = YES;
				CLANG_WARN_DIRECT_OBJC_ISA_USAGE = YES_ERROR;
				CLANG_WARN_EMPTY_BODY = YES;
				CLANG_WARN_ENUM_CONVERSION = YES;
				CLANG_WARN_INT_CONVERSION = YES;
				CLANG_WARN_OBJC_ROOT_CLASS = YES_ERROR;
				CLANG_WARN_UNREACHABLE_CODE = YES;
				CLANG_WARN__DUPLICATE_METHOD_MATCH = YES;
				"CODE_SIGN_IDENTITY[sdk=iphoneos*]" = "iPhone Developer";
				COPY_PHASE_STRIP = NO;
				DEBUG_INFORMATION_FORMAT = dwarf;
				ENABLE_STRICT_OBJC_MSGSEND = YES;
				ENABLE_TESTABILITY = YES;
				GCC_C_LANGUAGE_STANDARD = gnu99;
				GCC_DYNAMIC_NO_PIC = NO;
				GCC_NO_COMMON_BLOCKS = YES;
				GCC_OPTIMIZATION_LEVEL = 0;
				GCC_PREPROCESSOR_DEFINITIONS = (
					"DEBUG=1",
					"$(inherited)",
				);
				GCC_WARN_64_TO_32_BIT_CONVERSION = YES;
				GCC_WARN_ABOUT_RETURN_TYPE = YES_ERROR;
				GCC_WARN_UNDECLARED_SELECTOR = YES;
				GCC_WARN_UNINITIALIZED_AUTOS = YES_AGGRESSIVE;
				GCC_WARN_UNUSED_FUNCTION = YES;
				GCC_WARN_UNUSED_VARIABLE = YES;
				IPHONEOS_DEPLOYMENT_TARGET = 9.2;
				MTL_ENABLE_DEBUG_INFO = YES;
				ONLY_ACTIVE_ARCH = YES;
				SDKROOT = iphoneos;
				SWIFT_OPTIMIZATION_LEVEL = "-Onone";
				TARGETED_DEVICE_FAMILY = "1,2";
			};
			name = Debug;
		};
		9C0D14761C853A7D00E66F65 /* Release */ = {
			isa = XCBuildConfiguration;
			buildSettings = {
				ALWAYS_SEARCH_USER_PATHS = NO;
				CLANG_CXX_LANGUAGE_STANDARD = "gnu++0x";
				CLANG_CXX_LIBRARY = "libc++";
				CLANG_ENABLE_MODULES = YES;
				CLANG_ENABLE_OBJC_ARC = YES;
				CLANG_WARN_BOOL_CONVERSION = YES;
				CLANG_WARN_CONSTANT_CONVERSION = YES;
				CLANG_WARN_DIRECT_OBJC_ISA_USAGE = YES_ERROR;
				CLANG_WARN_EMPTY_BODY = YES;
				CLANG_WARN_ENUM_CONVERSION = YES;
				CLANG_WARN_INT_CONVERSION = YES;
				CLANG_WARN_OBJC_ROOT_CLASS = YES_ERROR;
				CLANG_WARN_UNREACHABLE_CODE = YES;
				CLANG_WARN__DUPLICATE_METHOD_MATCH = YES;
				"CODE_SIGN_IDENTITY[sdk=iphoneos*]" = "iPhone Developer";
				COPY_PHASE_STRIP = NO;
				DEBUG_INFORMATION_FORMAT = "dwarf-with-dsym";
				ENABLE_NS_ASSERTIONS = NO;
				ENABLE_STRICT_OBJC_MSGSEND = YES;
				GCC_C_LANGUAGE_STANDARD = gnu99;
				GCC_NO_COMMON_BLOCKS = YES;
				GCC_WARN_64_TO_32_BIT_CONVERSION = YES;
				GCC_WARN_ABOUT_RETURN_TYPE = YES_ERROR;
				GCC_WARN_UNDECLARED_SELECTOR = YES;
				GCC_WARN_UNINITIALIZED_AUTOS = YES_AGGRESSIVE;
				GCC_WARN_UNUSED_FUNCTION = YES;
				GCC_WARN_UNUSED_VARIABLE = YES;
				IPHONEOS_DEPLOYMENT_TARGET = 9.2;
				MTL_ENABLE_DEBUG_INFO = NO;
				SDKROOT = iphoneos;
				TARGETED_DEVICE_FAMILY = "1,2";
				VALIDATE_PRODUCT = YES;
			};
			name = Release;
		};
		9C0D14781C853A7D00E66F65 /* Debug */ = {
			isa = XCBuildConfiguration;
			buildSettings = {
				ASSETCATALOG_COMPILER_APPICON_NAME = AppIcon;
				INFOPLIST_FILE = BuscarLibros2/Info.plist;
				LD_RUNPATH_SEARCH_PATHS = "$(inherited) @executable_path/Frameworks";
				PRODUCT_BUNDLE_IDENTIFIER = com.johhns.BuscarLibros2;
				PRODUCT_NAME = "$(TARGET_NAME)";
			};
			name = Debug;
		};
		9C0D14791C853A7D00E66F65 /* Release */ = {
			isa = XCBuildConfiguration;
			buildSettings = {
				ASSETCATALOG_COMPILER_APPICON_NAME = AppIcon;
				INFOPLIST_FILE = BuscarLibros2/Info.plist;
				LD_RUNPATH_SEARCH_PATHS = "$(inherited) @executable_path/Frameworks";
				PRODUCT_BUNDLE_IDENTIFIER = com.johhns.BuscarLibros2;
				PRODUCT_NAME = "$(TARGET_NAME)";
			};
			name = Release;
		};
/* End XCBuildConfiguration section */

/* Begin XCConfigurationList section */
		9C0D14601C853A7D00E66F65 /* Build configuration list for PBXProject "BuscarLibros2" */ = {
			isa = XCConfigurationList;
			buildConfigurations = (
				9C0D14751C853A7D00E66F65 /* Debug */,
				9C0D14761C853A7D00E66F65 /* Release */,
			);
			defaultConfigurationIsVisible = 0;
			defaultConfigurationName = Release;
		};
		9C0D14771C853A7D00E66F65 /* Build configuration list for PBXNativeTarget "BuscarLibros2" */ = {
			isa = XCConfigurationList;
			buildConfigurations = (
				9C0D14781C853A7D00E66F65 /* Debug */,
				9C0D14791C853A7D00E66F65 /* Release */,
			);
			defaultConfigurationIsVisible = 0;
			defaultConfigurationName = Release;
		};
/* End XCConfigurationList section */
	};
	rootObject = 9C0D145D1C853A7D00E66F65 /* Project object */;
}
